// !$*UTF8*$!
{
	archiveVersion = 1;
	classes = {
	};
	objectVersion = 50;
	objects = {

/* Begin PBXBuildFile section */
		2207DF4320D29E3500D5E706 /* IntExtensionTests.swift in Sources */ = {isa = PBXBuildFile; fileRef = 2207DF4220D29E3500D5E706 /* IntExtensionTests.swift */; };
		2207DF4520D2A84800D5E706 /* TeamNameGenerator.swift in Sources */ = {isa = PBXBuildFile; fileRef = 2207DF4420D2A84800D5E706 /* TeamNameGenerator.swift */; };
		2207DF4920D2B1A100D5E706 /* TeamNameChooseViewController.swift in Sources */ = {isa = PBXBuildFile; fileRef = 2207DF4820D2B1A100D5E706 /* TeamNameChooseViewController.swift */; };
		2207DF4B20D2B96200D5E706 /* GameData.swift in Sources */ = {isa = PBXBuildFile; fileRef = 2207DF4A20D2B96200D5E706 /* GameData.swift */; };
		2207DF4D20D3F64800D5E706 /* MainViewController.swift in Sources */ = {isa = PBXBuildFile; fileRef = 2207DF4C20D3F64800D5E706 /* MainViewController.swift */; };
		2207E7EE20F86E8B0045C9D6 /* UIViewControllerExtension.swift in Sources */ = {isa = PBXBuildFile; fileRef = 2207E7ED20F86E8B0045C9D6 /* UIViewControllerExtension.swift */; };
		2216B56120E8BA7E003B2854 /* ItemTableViewController.swift in Sources */ = {isa = PBXBuildFile; fileRef = 2216B56020E8BA7E003B2854 /* ItemTableViewController.swift */; };
		2216B56320F093A5003B2854 /* PreviewViewController.swift in Sources */ = {isa = PBXBuildFile; fileRef = 2216B56220F093A5003B2854 /* PreviewViewController.swift */; };
		2216B56520F4EDB9003B2854 /* ResultTableViewController.swift in Sources */ = {isa = PBXBuildFile; fileRef = 2216B56420F4EDB9003B2854 /* ResultTableViewController.swift */; };
		2233ADBB20CE5B1D00659178 /* AppDelegate.swift in Sources */ = {isa = PBXBuildFile; fileRef = 2233ADBA20CE5B1D00659178 /* AppDelegate.swift */; };
		2233ADC020CE5B1D00659178 /* Main.storyboard in Resources */ = {isa = PBXBuildFile; fileRef = 2233ADBE20CE5B1D00659178 /* Main.storyboard */; };
		2233ADC220CE5B1E00659178 /* Assets.xcassets in Resources */ = {isa = PBXBuildFile; fileRef = 2233ADC120CE5B1E00659178 /* Assets.xcassets */; };
		2233ADC520CE5B1E00659178 /* LaunchScreen.storyboard in Resources */ = {isa = PBXBuildFile; fileRef = 2233ADC320CE5B1E00659178 /* LaunchScreen.storyboard */; };
		2233ADCE20D00B0400659178 /* MatchViewController.swift in Sources */ = {isa = PBXBuildFile; fileRef = 2233ADCD20D00B0400659178 /* MatchViewController.swift */; };
		2233ADD120D0100000659178 /* Ability.swift in Sources */ = {isa = PBXBuildFile; fileRef = 2233ADD020D0100000659178 /* Ability.swift */; };
		2233ADD320D0106400659178 /* Side.swift in Sources */ = {isa = PBXBuildFile; fileRef = 2233ADD220D0106400659178 /* Side.swift */; };
		2233ADD920D1551200659178 /* IntExtension.swift in Sources */ = {isa = PBXBuildFile; fileRef = 2233ADD820D1551200659178 /* IntExtension.swift */; };
		223C16F420D54FFE00F36C6E /* RealmSwift.framework in Frameworks */ = {isa = PBXBuildFile; fileRef = 223C16F220D54FFE00F36C6E /* RealmSwift.framework */; };
		223C16F520D54FFE00F36C6E /* Realm.framework in Frameworks */ = {isa = PBXBuildFile; fileRef = 223C16F320D54FFE00F36C6E /* Realm.framework */; };
		223C16F920D8116000F36C6E /* Player.swift in Sources */ = {isa = PBXBuildFile; fileRef = 223C16F820D8116000F36C6E /* Player.swift */; };
		223C16FC20DBF22C00F36C6E /* names.json in Resources */ = {isa = PBXBuildFile; fileRef = 223C16FB20DBF22C00F36C6E /* names.json */; };
		223C16FE20DBF28B00F36C6E /* JsonHelper.swift in Sources */ = {isa = PBXBuildFile; fileRef = 223C16FD20DBF28B00F36C6E /* JsonHelper.swift */; };
		223C170020DBF4B200F36C6E /* NameGenerator.swift in Sources */ = {isa = PBXBuildFile; fileRef = 223C16FF20DBF4B200F36C6E /* NameGenerator.swift */; };
		223C170220DBF72A00F36C6E /* NameGeneratorTests.swift in Sources */ = {isa = PBXBuildFile; fileRef = 223C170120DBF72A00F36C6E /* NameGeneratorTests.swift */; };
		223C170320DBF9B100F36C6E /* Realm.framework in Frameworks */ = {isa = PBXBuildFile; fileRef = 223C16F320D54FFE00F36C6E /* Realm.framework */; };
		223C170420DBF9B400F36C6E /* RealmSwift.framework in Frameworks */ = {isa = PBXBuildFile; fileRef = 223C16F220D54FFE00F36C6E /* RealmSwift.framework */; };
		223C170620DD272D00F36C6E /* PlayerGenerator.swift in Sources */ = {isa = PBXBuildFile; fileRef = 223C170520DD272D00F36C6E /* PlayerGenerator.swift */; };
		223C170820DF565900F36C6E /* ArrayExtension.swift in Sources */ = {isa = PBXBuildFile; fileRef = 223C170720DF565900F36C6E /* ArrayExtension.swift */; };
		223C170A20DFBC2700F36C6E /* PlayerGeneratorTests.swift in Sources */ = {isa = PBXBuildFile; fileRef = 223C170920DFBC2700F36C6E /* PlayerGeneratorTests.swift */; };
		223C170C20E1389900F36C6E /* TeamTableViewController.swift in Sources */ = {isa = PBXBuildFile; fileRef = 223C170B20E1389900F36C6E /* TeamTableViewController.swift */; };
		223C170E20E292BB00F36C6E /* ScoutViewController.swift in Sources */ = {isa = PBXBuildFile; fileRef = 223C170D20E292BB00F36C6E /* ScoutViewController.swift */; };
		22C0D0F820E75C3D00D7ECEE /* TrainingItem.swift in Sources */ = {isa = PBXBuildFile; fileRef = 22C0D0F720E75C3D00D7ECEE /* TrainingItem.swift */; };
		22C0D0FA20E76C6C00D7ECEE /* UIViewExtension.swift in Sources */ = {isa = PBXBuildFile; fileRef = 22C0D0F920E76C6C00D7ECEE /* UIViewExtension.swift */; };
/* End PBXBuildFile section */

/* Begin PBXContainerItemProxy section */
		2207DF3D20D29DD900D5E706 /* PBXContainerItemProxy */ = {
			isa = PBXContainerItemProxy;
			containerPortal = 2233ADAF20CE5B1D00659178 /* Project object */;
			proxyType = 1;
			remoteGlobalIDString = 2233ADB620CE5B1D00659178;
			remoteInfo = Soccer;
		};
/* End PBXContainerItemProxy section */

/* Begin PBXFileReference section */
		2207DF3820D29DD900D5E706 /* SoccerTests.xctest */ = {isa = PBXFileReference; explicitFileType = wrapper.cfbundle; includeInIndex = 0; path = SoccerTests.xctest; sourceTree = BUILT_PRODUCTS_DIR; };
		2207DF3C20D29DD900D5E706 /* Info.plist */ = {isa = PBXFileReference; lastKnownFileType = text.plist.xml; path = Info.plist; sourceTree = "<group>"; };
		2207DF4220D29E3500D5E706 /* IntExtensionTests.swift */ = {isa = PBXFileReference; lastKnownFileType = sourcecode.swift; path = IntExtensionTests.swift; sourceTree = "<group>"; };
		2207DF4420D2A84800D5E706 /* TeamNameGenerator.swift */ = {isa = PBXFileReference; lastKnownFileType = sourcecode.swift; path = TeamNameGenerator.swift; sourceTree = "<group>"; };
		2207DF4820D2B1A100D5E706 /* TeamNameChooseViewController.swift */ = {isa = PBXFileReference; lastKnownFileType = sourcecode.swift; path = TeamNameChooseViewController.swift; sourceTree = "<group>"; };
		2207DF4A20D2B96200D5E706 /* GameData.swift */ = {isa = PBXFileReference; lastKnownFileType = sourcecode.swift; path = GameData.swift; sourceTree = "<group>"; };
		2207DF4C20D3F64800D5E706 /* MainViewController.swift */ = {isa = PBXFileReference; lastKnownFileType = sourcecode.swift; path = MainViewController.swift; sourceTree = "<group>"; };
		2207E7ED20F86E8B0045C9D6 /* UIViewControllerExtension.swift */ = {isa = PBXFileReference; lastKnownFileType = sourcecode.swift; path = UIViewControllerExtension.swift; sourceTree = "<group>"; };
		2216B56020E8BA7E003B2854 /* ItemTableViewController.swift */ = {isa = PBXFileReference; lastKnownFileType = sourcecode.swift; path = ItemTableViewController.swift; sourceTree = "<group>"; };
		2216B56220F093A5003B2854 /* PreviewViewController.swift */ = {isa = PBXFileReference; lastKnownFileType = sourcecode.swift; path = PreviewViewController.swift; sourceTree = "<group>"; };
		2216B56420F4EDB9003B2854 /* ResultTableViewController.swift */ = {isa = PBXFileReference; lastKnownFileType = sourcecode.swift; path = ResultTableViewController.swift; sourceTree = "<group>"; };
		2233ADB720CE5B1D00659178 /* Soccer.app */ = {isa = PBXFileReference; explicitFileType = wrapper.application; includeInIndex = 0; path = Soccer.app; sourceTree = BUILT_PRODUCTS_DIR; };
		2233ADBA20CE5B1D00659178 /* AppDelegate.swift */ = {isa = PBXFileReference; lastKnownFileType = sourcecode.swift; path = AppDelegate.swift; sourceTree = "<group>"; };
		2233ADBF20CE5B1D00659178 /* Base */ = {isa = PBXFileReference; lastKnownFileType = file.storyboard; name = Base; path = Base.lproj/Main.storyboard; sourceTree = "<group>"; };
		2233ADC120CE5B1E00659178 /* Assets.xcassets */ = {isa = PBXFileReference; lastKnownFileType = folder.assetcatalog; path = Assets.xcassets; sourceTree = "<group>"; };
		2233ADC420CE5B1E00659178 /* Base */ = {isa = PBXFileReference; lastKnownFileType = file.storyboard; name = Base; path = Base.lproj/LaunchScreen.storyboard; sourceTree = "<group>"; };
		2233ADC620CE5B1E00659178 /* Info.plist */ = {isa = PBXFileReference; lastKnownFileType = text.plist.xml; path = Info.plist; sourceTree = "<group>"; };
		2233ADCD20D00B0400659178 /* MatchViewController.swift */ = {isa = PBXFileReference; lastKnownFileType = sourcecode.swift; path = MatchViewController.swift; sourceTree = "<group>"; };
		2233ADD020D0100000659178 /* Ability.swift */ = {isa = PBXFileReference; lastKnownFileType = sourcecode.swift; path = Ability.swift; sourceTree = "<group>"; };
		2233ADD220D0106400659178 /* Side.swift */ = {isa = PBXFileReference; lastKnownFileType = sourcecode.swift; path = Side.swift; sourceTree = "<group>"; };
		2233ADD820D1551200659178 /* IntExtension.swift */ = {isa = PBXFileReference; lastKnownFileType = sourcecode.swift; path = IntExtension.swift; sourceTree = "<group>"; };
		223C16F220D54FFE00F36C6E /* RealmSwift.framework */ = {isa = PBXFileReference; lastKnownFileType = wrapper.framework; name = RealmSwift.framework; path = Carthage/Build/iOS/RealmSwift.framework; sourceTree = "<group>"; };
		223C16F320D54FFE00F36C6E /* Realm.framework */ = {isa = PBXFileReference; lastKnownFileType = wrapper.framework; name = Realm.framework; path = Carthage/Build/iOS/Realm.framework; sourceTree = "<group>"; };
		223C16F820D8116000F36C6E /* Player.swift */ = {isa = PBXFileReference; lastKnownFileType = sourcecode.swift; path = Player.swift; sourceTree = "<group>"; };
		223C16FB20DBF22C00F36C6E /* names.json */ = {isa = PBXFileReference; fileEncoding = 4; lastKnownFileType = text.json; path = names.json; sourceTree = "<group>"; };
		223C16FD20DBF28B00F36C6E /* JsonHelper.swift */ = {isa = PBXFileReference; lastKnownFileType = sourcecode.swift; path = JsonHelper.swift; sourceTree = "<group>"; };
		223C16FF20DBF4B200F36C6E /* NameGenerator.swift */ = {isa = PBXFileReference; lastKnownFileType = sourcecode.swift; path = NameGenerator.swift; sourceTree = "<group>"; };
		223C170120DBF72A00F36C6E /* NameGeneratorTests.swift */ = {isa = PBXFileReference; lastKnownFileType = sourcecode.swift; path = NameGeneratorTests.swift; sourceTree = "<group>"; };
		223C170520DD272D00F36C6E /* PlayerGenerator.swift */ = {isa = PBXFileReference; lastKnownFileType = sourcecode.swift; path = PlayerGenerator.swift; sourceTree = "<group>"; };
		223C170720DF565900F36C6E /* ArrayExtension.swift */ = {isa = PBXFileReference; lastKnownFileType = sourcecode.swift; path = ArrayExtension.swift; sourceTree = "<group>"; };
		223C170920DFBC2700F36C6E /* PlayerGeneratorTests.swift */ = {isa = PBXFileReference; lastKnownFileType = sourcecode.swift; path = PlayerGeneratorTests.swift; sourceTree = "<group>"; };
		223C170B20E1389900F36C6E /* TeamTableViewController.swift */ = {isa = PBXFileReference; lastKnownFileType = sourcecode.swift; path = TeamTableViewController.swift; sourceTree = "<group>"; };
		223C170D20E292BB00F36C6E /* ScoutViewController.swift */ = {isa = PBXFileReference; lastKnownFileType = sourcecode.swift; path = ScoutViewController.swift; sourceTree = "<group>"; };
		22C0D0F720E75C3D00D7ECEE /* TrainingItem.swift */ = {isa = PBXFileReference; lastKnownFileType = sourcecode.swift; path = TrainingItem.swift; sourceTree = "<group>"; };
		22C0D0F920E76C6C00D7ECEE /* UIViewExtension.swift */ = {isa = PBXFileReference; lastKnownFileType = sourcecode.swift; path = UIViewExtension.swift; sourceTree = "<group>"; };
/* End PBXFileReference section */

/* Begin PBXFrameworksBuildPhase section */
		2207DF3520D29DD900D5E706 /* Frameworks */ = {
			isa = PBXFrameworksBuildPhase;
			buildActionMask = 2147483647;
			files = (
				223C170420DBF9B400F36C6E /* RealmSwift.framework in Frameworks */,
				223C170320DBF9B100F36C6E /* Realm.framework in Frameworks */,
			);
			runOnlyForDeploymentPostprocessing = 0;
		};
		2233ADB420CE5B1D00659178 /* Frameworks */ = {
			isa = PBXFrameworksBuildPhase;
			buildActionMask = 2147483647;
			files = (
				223C16F420D54FFE00F36C6E /* RealmSwift.framework in Frameworks */,
				223C16F520D54FFE00F36C6E /* Realm.framework in Frameworks */,
			);
			runOnlyForDeploymentPostprocessing = 0;
		};
/* End PBXFrameworksBuildPhase section */

/* Begin PBXGroup section */
		2207DF3920D29DD900D5E706 /* SoccerTests */ = {
			isa = PBXGroup;
			children = (
				2207DF3C20D29DD900D5E706 /* Info.plist */,
				2207DF4220D29E3500D5E706 /* IntExtensionTests.swift */,
				223C170120DBF72A00F36C6E /* NameGeneratorTests.swift */,
				223C170920DFBC2700F36C6E /* PlayerGeneratorTests.swift */,
			);
			path = SoccerTests;
			sourceTree = "<group>";
		};
		2233ADAE20CE5B1D00659178 = {
			isa = PBXGroup;
			children = (
				2233ADB920CE5B1D00659178 /* Soccer */,
				2207DF3920D29DD900D5E706 /* SoccerTests */,
				2233ADB820CE5B1D00659178 /* Products */,
				223C16F120D54FFE00F36C6E /* Frameworks */,
			);
			sourceTree = "<group>";
		};
		2233ADB820CE5B1D00659178 /* Products */ = {
			isa = PBXGroup;
			children = (
				2233ADB720CE5B1D00659178 /* Soccer.app */,
				2207DF3820D29DD900D5E706 /* SoccerTests.xctest */,
			);
			name = Products;
			sourceTree = "<group>";
		};
		2233ADB920CE5B1D00659178 /* Soccer */ = {
			isa = PBXGroup;
			children = (
				223C16FA20DBF1F200F36C6E /* Data */,
				2233ADD720D154A300659178 /* Tools */,
				2233ADCF20D00EED00659178 /* Models */,
				2233ADCC20D009D400659178 /* Controllers */,
				2233ADBA20CE5B1D00659178 /* AppDelegate.swift */,
				2233ADBE20CE5B1D00659178 /* Main.storyboard */,
				2233ADC120CE5B1E00659178 /* Assets.xcassets */,
				2233ADC320CE5B1E00659178 /* LaunchScreen.storyboard */,
				2233ADC620CE5B1E00659178 /* Info.plist */,
			);
			path = Soccer;
			sourceTree = "<group>";
		};
		2233ADCC20D009D400659178 /* Controllers */ = {
			isa = PBXGroup;
			children = (
				2207DF4C20D3F64800D5E706 /* MainViewController.swift */,
				2207DF4820D2B1A100D5E706 /* TeamNameChooseViewController.swift */,
				223C170B20E1389900F36C6E /* TeamTableViewController.swift */,
				2216B56020E8BA7E003B2854 /* ItemTableViewController.swift */,
				223C170D20E292BB00F36C6E /* ScoutViewController.swift */,
				2216B56220F093A5003B2854 /* PreviewViewController.swift */,
				2233ADCD20D00B0400659178 /* MatchViewController.swift */,
				2216B56420F4EDB9003B2854 /* ResultTableViewController.swift */,
			);
			path = Controllers;
			sourceTree = "<group>";
		};
		2233ADCF20D00EED00659178 /* Models */ = {
			isa = PBXGroup;
			children = (
				2233ADD020D0100000659178 /* Ability.swift */,
				2233ADD220D0106400659178 /* Side.swift */,
				2207DF4A20D2B96200D5E706 /* GameData.swift */,
				223C16F820D8116000F36C6E /* Player.swift */,
				22C0D0F720E75C3D00D7ECEE /* TrainingItem.swift */,
			);
			path = Models;
			sourceTree = "<group>";
		};
		2233ADD720D154A300659178 /* Tools */ = {
			isa = PBXGroup;
			children = (
				2233ADD820D1551200659178 /* IntExtension.swift */,
				223C170720DF565900F36C6E /* ArrayExtension.swift */,
				22C0D0F920E76C6C00D7ECEE /* UIViewExtension.swift */,
				2207E7ED20F86E8B0045C9D6 /* UIViewControllerExtension.swift */,
				223C16FD20DBF28B00F36C6E /* JsonHelper.swift */,
				2207DF4420D2A84800D5E706 /* TeamNameGenerator.swift */,
				223C16FF20DBF4B200F36C6E /* NameGenerator.swift */,
				223C170520DD272D00F36C6E /* PlayerGenerator.swift */,
			);
			path = Tools;
			sourceTree = "<group>";
		};
		223C16F120D54FFE00F36C6E /* Frameworks */ = {
			isa = PBXGroup;
			children = (
				223C16F320D54FFE00F36C6E /* Realm.framework */,
				223C16F220D54FFE00F36C6E /* RealmSwift.framework */,
			);
			name = Frameworks;
			sourceTree = "<group>";
		};
		223C16FA20DBF1F200F36C6E /* Data */ = {
			isa = PBXGroup;
			children = (
				223C16FB20DBF22C00F36C6E /* names.json */,
			);
			path = Data;
			sourceTree = "<group>";
		};
/* End PBXGroup section */

/* Begin PBXNativeTarget section */
		2207DF3720D29DD900D5E706 /* SoccerTests */ = {
			isa = PBXNativeTarget;
			buildConfigurationList = 2207DF3F20D29DD900D5E706 /* Build configuration list for PBXNativeTarget "SoccerTests" */;
			buildPhases = (
				2207DF3420D29DD900D5E706 /* Sources */,
				2207DF3520D29DD900D5E706 /* Frameworks */,
				2207DF3620D29DD900D5E706 /* Resources */,
				223C16F720D5512200F36C6E /* Run Script */,
			);
			buildRules = (
			);
			dependencies = (
				2207DF3E20D29DD900D5E706 /* PBXTargetDependency */,
			);
			name = SoccerTests;
			productName = SoccerTests;
			productReference = 2207DF3820D29DD900D5E706 /* SoccerTests.xctest */;
			productType = "com.apple.product-type.bundle.unit-test";
		};
		2233ADB620CE5B1D00659178 /* Soccer */ = {
			isa = PBXNativeTarget;
			buildConfigurationList = 2233ADC920CE5B1E00659178 /* Build configuration list for PBXNativeTarget "Soccer" */;
			buildPhases = (
				2233ADB320CE5B1D00659178 /* Sources */,
				2233ADB420CE5B1D00659178 /* Frameworks */,
				2233ADB520CE5B1D00659178 /* Resources */,
				223C16F620D5504A00F36C6E /* ShellScript */,
			);
			buildRules = (
			);
			dependencies = (
			);
			name = Soccer;
			productName = Soccer;
			productReference = 2233ADB720CE5B1D00659178 /* Soccer.app */;
			productType = "com.apple.product-type.application";
		};
/* End PBXNativeTarget section */

/* Begin PBXProject section */
		2233ADAF20CE5B1D00659178 /* Project object */ = {
			isa = PBXProject;
			attributes = {
				LastSwiftUpdateCheck = 0940;
				LastUpgradeCheck = 0940;
				ORGANIZATIONNAME = "Ma Xueyuan";
				TargetAttributes = {
					2207DF3720D29DD900D5E706 = {
						CreatedOnToolsVersion = 9.4;
						TestTargetID = 2233ADB620CE5B1D00659178;
					};
					2233ADB620CE5B1D00659178 = {
						CreatedOnToolsVersion = 9.4;
					};
				};
			};
			buildConfigurationList = 2233ADB220CE5B1D00659178 /* Build configuration list for PBXProject "Soccer" */;
			compatibilityVersion = "Xcode 9.3";
			developmentRegion = en;
			hasScannedForEncodings = 0;
			knownRegions = (
				en,
				Base,
			);
			mainGroup = 2233ADAE20CE5B1D00659178;
			productRefGroup = 2233ADB820CE5B1D00659178 /* Products */;
			projectDirPath = "";
			projectRoot = "";
			targets = (
				2233ADB620CE5B1D00659178 /* Soccer */,
				2207DF3720D29DD900D5E706 /* SoccerTests */,
			);
		};
/* End PBXProject section */

/* Begin PBXResourcesBuildPhase section */
		2207DF3620D29DD900D5E706 /* Resources */ = {
			isa = PBXResourcesBuildPhase;
			buildActionMask = 2147483647;
			files = (
			);
			runOnlyForDeploymentPostprocessing = 0;
		};
		2233ADB520CE5B1D00659178 /* Resources */ = {
			isa = PBXResourcesBuildPhase;
			buildActionMask = 2147483647;
			files = (
				2233ADC520CE5B1E00659178 /* LaunchScreen.storyboard in Resources */,
				2233ADC220CE5B1E00659178 /* Assets.xcassets in Resources */,
				223C16FC20DBF22C00F36C6E /* names.json in Resources */,
				2233ADC020CE5B1D00659178 /* Main.storyboard in Resources */,
			);
			runOnlyForDeploymentPostprocessing = 0;
		};
/* End PBXResourcesBuildPhase section */

/* Begin PBXShellScriptBuildPhase section */
		223C16F620D5504A00F36C6E /* ShellScript */ = {
			isa = PBXShellScriptBuildPhase;
			buildActionMask = 2147483647;
			files = (
			);
			inputPaths = (
				"$(SRCROOT)/Carthage/Build/iOS/Realm.framework",
				"$(SRCROOT)/Carthage/Build/iOS/RealmSwift.framework",
			);
			outputPaths = (
				"$(BUILT_PRODUCTS_DIR)/$(FRAMEWORKS_FOLDER_PATH)/Realm.framework",
				"$(BUILT_PRODUCTS_DIR)/$(FRAMEWORKS_FOLDER_PATH)/RealmSwift.framework",
			);
			runOnlyForDeploymentPostprocessing = 0;
			shellPath = /bin/sh;
			shellScript = "/usr/local/bin/carthage copy-frameworks";
		};
		223C16F720D5512200F36C6E /* Run Script */ = {
			isa = PBXShellScriptBuildPhase;
			buildActionMask = 2147483647;
			files = (
			);
			inputPaths = (
				"$(SRCROOT)/Carthage/Build/iOS/Realm.framework",
				"$(SRCROOT)/Carthage/Build/iOS/RealmSwift.framework",
			);
			name = "Run Script";
			outputPaths = (
				"$(BUILT_PRODUCTS_DIR)/$(FRAMEWORKS_FOLDER_PATH)/Realm.framework",
				"$(BUILT_PRODUCTS_DIR)/$(FRAMEWORKS_FOLDER_PATH)/RealmSwift.framework",
			);
			runOnlyForDeploymentPostprocessing = 0;
			shellPath = /bin/sh;
			shellScript = "/usr/local/bin/carthage copy-frameworks";
		};
/* End PBXShellScriptBuildPhase section */

/* Begin PBXSourcesBuildPhase section */
		2207DF3420D29DD900D5E706 /* Sources */ = {
			isa = PBXSourcesBuildPhase;
			buildActionMask = 2147483647;
			files = (
				223C170A20DFBC2700F36C6E /* PlayerGeneratorTests.swift in Sources */,
				223C170220DBF72A00F36C6E /* NameGeneratorTests.swift in Sources */,
				2207DF4320D29E3500D5E706 /* IntExtensionTests.swift in Sources */,
			);
			runOnlyForDeploymentPostprocessing = 0;
		};
		2233ADB320CE5B1D00659178 /* Sources */ = {
			isa = PBXSourcesBuildPhase;
			buildActionMask = 2147483647;
			files = (
				22C0D0F820E75C3D00D7ECEE /* TrainingItem.swift in Sources */,
				223C170820DF565900F36C6E /* ArrayExtension.swift in Sources */,
				2216B56320F093A5003B2854 /* PreviewViewController.swift in Sources */,
				223C16F920D8116000F36C6E /* Player.swift in Sources */,
				223C170E20E292BB00F36C6E /* ScoutViewController.swift in Sources */,
				2233ADCE20D00B0400659178 /* MatchViewController.swift in Sources */,
				2207DF4920D2B1A100D5E706 /* TeamNameChooseViewController.swift in Sources */,
				2233ADD920D1551200659178 /* IntExtension.swift in Sources */,
				223C170C20E1389900F36C6E /* TeamTableViewController.swift in Sources */,
				2233ADD320D0106400659178 /* Side.swift in Sources */,
				2216B56120E8BA7E003B2854 /* ItemTableViewController.swift in Sources */,
				2216B56520F4EDB9003B2854 /* ResultTableViewController.swift in Sources */,
				223C170620DD272D00F36C6E /* PlayerGenerator.swift in Sources */,
				223C170020DBF4B200F36C6E /* NameGenerator.swift in Sources */,
				2207DF4520D2A84800D5E706 /* TeamNameGenerator.swift in Sources */,
				22C0D0FA20E76C6C00D7ECEE /* UIViewExtension.swift in Sources */,
				2233ADD120D0100000659178 /* Ability.swift in Sources */,
				2207DF4B20D2B96200D5E706 /* GameData.swift in Sources */,
				223C16FE20DBF28B00F36C6E /* JsonHelper.swift in Sources */,
				2233ADBB20CE5B1D00659178 /* AppDelegate.swift in Sources */,
				2207E7EE20F86E8B0045C9D6 /* UIViewControllerExtension.swift in Sources */,
				2207DF4D20D3F64800D5E706 /* MainViewController.swift in Sources */,
			);
			runOnlyForDeploymentPostprocessing = 0;
		};
/* End PBXSourcesBuildPhase section */

/* Begin PBXTargetDependency section */
		2207DF3E20D29DD900D5E706 /* PBXTargetDependency */ = {
			isa = PBXTargetDependency;
			target = 2233ADB620CE5B1D00659178 /* Soccer */;
			targetProxy = 2207DF3D20D29DD900D5E706 /* PBXContainerItemProxy */;
		};
/* End PBXTargetDependency section */

/* Begin PBXVariantGroup section */
		2233ADBE20CE5B1D00659178 /* Main.storyboard */ = {
			isa = PBXVariantGroup;
			children = (
				2233ADBF20CE5B1D00659178 /* Base */,
			);
			name = Main.storyboard;
			sourceTree = "<group>";
		};
		2233ADC320CE5B1E00659178 /* LaunchScreen.storyboard */ = {
			isa = PBXVariantGroup;
			children = (
				2233ADC420CE5B1E00659178 /* Base */,
			);
			name = LaunchScreen.storyboard;
			sourceTree = "<group>";
		};
/* End PBXVariantGroup section */

/* Begin XCBuildConfiguration section */
		2207DF4020D29DD900D5E706 /* Debug */ = {
			isa = XCBuildConfiguration;
			buildSettings = {
				BUNDLE_LOADER = "$(TEST_HOST)";
				CODE_SIGN_STYLE = Automatic;
				DEVELOPMENT_TEAM = EQC88F8HW8;
				FRAMEWORK_SEARCH_PATHS = (
					"$(inherited)",
					"$(PROJECT_DIR)/Carthage/Build/iOS",
				);
				INFOPLIST_FILE = SoccerTests/Info.plist;
				LD_RUNPATH_SEARCH_PATHS = (
					"$(inherited)",
					"@executable_path/Frameworks",
					"@loader_path/Frameworks",
				);
				PRODUCT_BUNDLE_IDENTIFIER = mxy.SoccerTests;
				PRODUCT_NAME = "$(TARGET_NAME)";
				SWIFT_VERSION = 4.0;
				TARGETED_DEVICE_FAMILY = "1,2";
				TEST_HOST = "$(BUILT_PRODUCTS_DIR)/Soccer.app/Soccer";
			};
			name = Debug;
		};
		2207DF4120D29DD900D5E706 /* Release */ = {
			isa = XCBuildConfiguration;
			buildSettings = {
				BUNDLE_LOADER = "$(TEST_HOST)";
				CODE_SIGN_STYLE = Automatic;
				DEVELOPMENT_TEAM = EQC88F8HW8;
				FRAMEWORK_SEARCH_PATHS = (
					"$(inherited)",
					"$(PROJECT_DIR)/Carthage/Build/iOS",
				);
				INFOPLIST_FILE = SoccerTests/Info.plist;
				LD_RUNPATH_SEARCH_PATHS = (
					"$(inherited)",
					"@executable_path/Frameworks",
					"@loader_path/Frameworks",
				);
				PRODUCT_BUNDLE_IDENTIFIER = mxy.SoccerTests;
				PRODUCT_NAME = "$(TARGET_NAME)";
				SWIFT_VERSION = 4.0;
				TARGETED_DEVICE_FAMILY = "1,2";
				TEST_HOST = "$(BUILT_PRODUCTS_DIR)/Soccer.app/Soccer";
			};
			name = Release;
		};
		2233ADC720CE5B1E00659178 /* Debug */ = {
			isa = XCBuildConfiguration;
			buildSettings = {
				ALWAYS_SEARCH_USER_PATHS = NO;
				CLANG_ANALYZER_NONNULL = YES;
				CLANG_ANALYZER_NUMBER_OBJECT_CONVERSION = YES_AGGRESSIVE;
				CLANG_CXX_LANGUAGE_STANDARD = "gnu++14";
				CLANG_CXX_LIBRARY = "libc++";
				CLANG_ENABLE_MODULES = YES;
				CLANG_ENABLE_OBJC_ARC = YES;
				CLANG_ENABLE_OBJC_WEAK = YES;
				CLANG_WARN_BLOCK_CAPTURE_AUTORELEASING = YES;
				CLANG_WARN_BOOL_CONVERSION = YES;
				CLANG_WARN_COMMA = YES;
				CLANG_WARN_CONSTANT_CONVERSION = YES;
				CLANG_WARN_DEPRECATED_OBJC_IMPLEMENTATIONS = YES;
				CLANG_WARN_DIRECT_OBJC_ISA_USAGE = YES_ERROR;
				CLANG_WARN_DOCUMENTATION_COMMENTS = YES;
				CLANG_WARN_EMPTY_BODY = YES;
				CLANG_WARN_ENUM_CONVERSION = YES;
				CLANG_WARN_INFINITE_RECURSION = YES;
				CLANG_WARN_INT_CONVERSION = YES;
				CLANG_WARN_NON_LITERAL_NULL_CONVERSION = YES;
				CLANG_WARN_OBJC_IMPLICIT_RETAIN_SELF = YES;
				CLANG_WARN_OBJC_LITERAL_CONVERSION = YES;
				CLANG_WARN_OBJC_ROOT_CLASS = YES_ERROR;
				CLANG_WARN_RANGE_LOOP_ANALYSIS = YES;
				CLANG_WARN_STRICT_PROTOTYPES = YES;
				CLANG_WARN_SUSPICIOUS_MOVE = YES;
				CLANG_WARN_UNGUARDED_AVAILABILITY = YES_AGGRESSIVE;
				CLANG_WARN_UNREACHABLE_CODE = YES;
				CLANG_WARN__DUPLICATE_METHOD_MATCH = YES;
				CODE_SIGN_IDENTITY = "iPhone Developer";
				COPY_PHASE_STRIP = NO;
				DEBUG_INFORMATION_FORMAT = dwarf;
				ENABLE_STRICT_OBJC_MSGSEND = YES;
				ENABLE_TESTABILITY = YES;
				GCC_C_LANGUAGE_STANDARD = gnu11;
				GCC_DYNAMIC_NO_PIC = NO;
				GCC_NO_COMMON_BLOCKS = YES;
				GCC_OPTIMIZATION_LEVEL = 0;
				GCC_PREPROCESSOR_DEFINITIONS = (
					"DEBUG=1",
					"$(inherited)",
				);
				GCC_WARN_64_TO_32_BIT_CONVERSION = YES;
				GCC_WARN_ABOUT_RETURN_TYPE = YES_ERROR;
				GCC_WARN_UNDECLARED_SELECTOR = YES;
				GCC_WARN_UNINITIALIZED_AUTOS = YES_AGGRESSIVE;
				GCC_WARN_UNUSED_FUNCTION = YES;
				GCC_WARN_UNUSED_VARIABLE = YES;
				IPHONEOS_DEPLOYMENT_TARGET = 11.4;
				MTL_ENABLE_DEBUG_INFO = YES;
				ONLY_ACTIVE_ARCH = YES;
				SDKROOT = iphoneos;
				SWIFT_ACTIVE_COMPILATION_CONDITIONS = DEBUG;
				SWIFT_OPTIMIZATION_LEVEL = "-Onone";
			};
			name = Debug;
		};
		2233ADC820CE5B1E00659178 /* Release */ = {
			isa = XCBuildConfiguration;
			buildSettings = {
				ALWAYS_SEARCH_USER_PATHS = NO;
				CLANG_ANALYZER_NONNULL = YES;
				CLANG_ANALYZER_NUMBER_OBJECT_CONVERSION = YES_AGGRESSIVE;
				CLANG_CXX_LANGUAGE_STANDARD = "gnu++14";
				CLANG_CXX_LIBRARY = "libc++";
				CLANG_ENABLE_MODULES = YES;
				CLANG_ENABLE_OBJC_ARC = YES;
				CLANG_ENABLE_OBJC_WEAK = YES;
				CLANG_WARN_BLOCK_CAPTURE_AUTORELEASING = YES;
				CLANG_WARN_BOOL_CONVERSION = YES;
				CLANG_WARN_COMMA = YES;
				CLANG_WARN_CONSTANT_CONVERSION = YES;
				CLANG_WARN_DEPRECATED_OBJC_IMPLEMENTATIONS = YES;
				CLANG_WARN_DIRECT_OBJC_ISA_USAGE = YES_ERROR;
				CLANG_WARN_DOCUMENTATION_COMMENTS = YES;
				CLANG_WARN_EMPTY_BODY = YES;
				CLANG_WARN_ENUM_CONVERSION = YES;
				CLANG_WARN_INFINITE_RECURSION = YES;
				CLANG_WARN_INT_CONVERSION = YES;
				CLANG_WARN_NON_LITERAL_NULL_CONVERSION = YES;
				CLANG_WARN_OBJC_IMPLICIT_RETAIN_SELF = YES;
				CLANG_WARN_OBJC_LITERAL_CONVERSION = YES;
				CLANG_WARN_OBJC_ROOT_CLASS = YES_ERROR;
				CLANG_WARN_RANGE_LOOP_ANALYSIS = YES;
				CLANG_WARN_STRICT_PROTOTYPES = YES;
				CLANG_WARN_SUSPICIOUS_MOVE = YES;
				CLANG_WARN_UNGUARDED_AVAILABILITY = YES_AGGRESSIVE;
				CLANG_WARN_UNREACHABLE_CODE = YES;
				CLANG_WARN__DUPLICATE_METHOD_MATCH = YES;
				CODE_SIGN_IDENTITY = "iPhone Developer";
				COPY_PHASE_STRIP = NO;
				DEBUG_INFORMATION_FORMAT = "dwarf-with-dsym";
				ENABLE_NS_ASSERTIONS = NO;
				ENABLE_STRICT_OBJC_MSGSEND = YES;
				GCC_C_LANGUAGE_STANDARD = gnu11;
				GCC_NO_COMMON_BLOCKS = YES;
				GCC_WARN_64_TO_32_BIT_CONVERSION = YES;
				GCC_WARN_ABOUT_RETURN_TYPE = YES_ERROR;
				GCC_WARN_UNDECLARED_SELECTOR = YES;
				GCC_WARN_UNINITIALIZED_AUTOS = YES_AGGRESSIVE;
				GCC_WARN_UNUSED_FUNCTION = YES;
				GCC_WARN_UNUSED_VARIABLE = YES;
				IPHONEOS_DEPLOYMENT_TARGET = 11.4;
				MTL_ENABLE_DEBUG_INFO = NO;
				SDKROOT = iphoneos;
				SWIFT_COMPILATION_MODE = wholemodule;
				SWIFT_OPTIMIZATION_LEVEL = "-O";
				VALIDATE_PRODUCT = YES;
			};
			name = Release;
		};
		2233ADCA20CE5B1E00659178 /* Debug */ = {
			isa = XCBuildConfiguration;
			buildSettings = {
				ASSETCATALOG_COMPILER_APPICON_NAME = AppIcon;
				CODE_SIGN_STYLE = Automatic;
				DEVELOPMENT_TEAM = EQC88F8HW8;
				FRAMEWORK_SEARCH_PATHS = (
					"$(inherited)",
					"$(PROJECT_DIR)/Carthage/Build/iOS",
				);
				INFOPLIST_FILE = Soccer/Info.plist;
				LD_RUNPATH_SEARCH_PATHS = (
					"$(inherited)",
					"@executable_path/Frameworks",
				);
				PRODUCT_BUNDLE_IDENTIFIER = mxy.Soccer;
				PRODUCT_NAME = "$(TARGET_NAME)";
				SWIFT_VERSION = 4.0;
				TARGETED_DEVICE_FAMILY = "1,2";
			};
			name = Debug;
		};
		2233ADCB20CE5B1E00659178 /* Release */ = {
			isa = XCBuildConfiguration;
			buildSettings = {
				ASSETCATALOG_COMPILER_APPICON_NAME = AppIcon;
				CODE_SIGN_STYLE = Automatic;
				DEVELOPMENT_TEAM = EQC88F8HW8;
				FRAMEWORK_SEARCH_PATHS = (
					"$(inherited)",
					"$(PROJECT_DIR)/Carthage/Build/iOS",
				);
				INFOPLIST_FILE = Soccer/Info.plist;
				LD_RUNPATH_SEARCH_PATHS = (
					"$(inherited)",
					"@executable_path/Frameworks",
				);
				PRODUCT_BUNDLE_IDENTIFIER = mxy.Soccer;
				PRODUCT_NAME = "$(TARGET_NAME)";
				SWIFT_VERSION = 4.0;
				TARGETED_DEVICE_FAMILY = "1,2";
			};
			name = Release;
		};
/* End XCBuildConfiguration section */

/* Begin XCConfigurationList section */
		2207DF3F20D29DD900D5E706 /* Build configuration list for PBXNativeTarget "SoccerTests" */ = {
			isa = XCConfigurationList;
			buildConfigurations = (
				2207DF4020D29DD900D5E706 /* Debug */,
				2207DF4120D29DD900D5E706 /* Release */,
			);
			defaultConfigurationIsVisible = 0;
			defaultConfigurationName = Release;
		};
		2233ADB220CE5B1D00659178 /* Build configuration list for PBXProject "Soccer" */ = {
			isa = XCConfigurationList;
			buildConfigurations = (
				2233ADC720CE5B1E00659178 /* Debug */,
				2233ADC820CE5B1E00659178 /* Release */,
			);
			defaultConfigurationIsVisible = 0;
			defaultConfigurationName = Release;
		};
		2233ADC920CE5B1E00659178 /* Build configuration list for PBXNativeTarget "Soccer" */ = {
			isa = XCConfigurationList;
			buildConfigurations = (
				2233ADCA20CE5B1E00659178 /* Debug */,
				2233ADCB20CE5B1E00659178 /* Release */,
			);
			defaultConfigurationIsVisible = 0;
			defaultConfigurationName = Release;
		};
/* End XCConfigurationList section */
	};
	rootObject = 2233ADAF20CE5B1D00659178 /* Project object */;
}
